schema: '2.0'
stages:
  train:
    cmd: python train_seg.py
    deps:
    - path: seg_data/CamVid
      md5: 30424acbbfd275aad68c44fb699416c2.dir
      size: 186849579
      nfiles: 1405
    - path: train_seg.py
      md5: 21ca553d9fe94b860a823a80d49aeea6
      size: 1898
    outs:
    - path: result/dice.json
      md5: 6cbfdb0a4fa0a895ce62c9e206e66208
      size: 1709
    - path: result/last.pth
      md5: de76d9e19809a6a55a453052bc27cdf1
      size: 264353356
    - path: result/scores.json
      md5: 7b1e46810505572cc3b3c81350a059db
      size: 28
